
Microsoft Visual Studio Solution File, Format Version 12.00
# Visual Studio Version 17
VisualStudioVersion = 17.11.35312.102
MinimumVisualStudioVersion = 10.0.40219.1
Project("{FAE04EC0-301F-11D3-BF4B-00C04F79EFBC}") = "QuizDatabaseClassLibrary", "QuizDatabaseClassLibrary\QuizDatabaseClassLibrary.csproj", "{4DFDDD0D-28EC-40B6-B3A4-87EE1C332E27}"
EndProject
Project("{9A19103F-16F7-4668-BE54-9A1E7A4F7556}") = "QuizMauiApp", "QuizMauiApp\QuizMauiApp.csproj", "{6BB15F0C-42BF-4B3A-9B0F-C5EA718C0001}"
EndProject
Global
	GlobalSection(SolutionConfigurationPlatforms) = preSolution
		Debug|Any CPU = Debug|Any CPU
		Release|Any CPU = Release|Any CPU
	EndGlobalSection
	GlobalSection(ProjectConfigurationPlatforms) = postSolution
		{4DFDDD0D-28EC-40B6-B3A4-87EE1C332E27}.Debug|Any CPU.ActiveCfg = Debug|Any CPU
		{4DFDDD0D-28EC-40B6-B3A4-87EE1C332E27}.Debug|Any CPU.Build.0 = Debug|Any CPU
		{4DFDDD0D-28EC-40B6-B3A4-87EE1C332E27}.Release|Any CPU.ActiveCfg = Release|Any CPU
		{4DFDDD0D-28EC-40B6-B3A4-87EE1C332E27}.Release|Any CPU.Build.0 = Release|Any CPU
		{6BB15F0C-42BF-4B3A-9B0F-C5EA718C0001}.Debug|Any CPU.ActiveCfg = Debug|Any CPU
		{6BB15F0C-42BF-4B3A-9B0F-C5EA718C0001}.Debug|Any CPU.Build.0 = Debug|Any CPU
		{6BB15F0C-42BF-4B3A-9B0F-C5EA718C0001}.Debug|Any CPU.Deploy.0 = Debug|Any CPU
		{6BB15F0C-42BF-4B3A-9B0F-C5EA718C0001}.Release|Any CPU.ActiveCfg = Release|Any CPU
		{6BB15F0C-42BF-4B3A-9B0F-C5EA718C0001}.Release|Any CPU.Build.0 = Release|Any CPU
		{6BB15F0C-42BF-4B3A-9B0F-C5EA718C0001}.Release|Any CPU.Deploy.0 = Release|Any CPU
	EndGlobalSection
	GlobalSection(SolutionProperties) = preSolution
		HideSolutionNode = FALSE
	EndGlobalSection
	GlobalSection(ExtensibilityGlobals) = postSolution
		SolutionGuid = {9A8B9C64-DBCE-404A-9ACF-813F6775AAFC}
	EndGlobalSection
EndGlobal
