
Microsoft Visual Studio Solution File, Format Version 12.00
# Visual Studio Version 17
VisualStudioVersion = 17.11.35312.102
MinimumVisualStudioVersion = 10.0.40219.1
Project("{FAE04EC0-301F-11D3-BF4B-00C04F79EFBC}") = "Kosci", "Dice\Kosci.csproj", "{151A2CC9-814C-43D9-B6F5-A0B90729FDED}"
EndProject
Global
	GlobalSection(SolutionConfigurationPlatforms) = preSolution
		Debug|Any CPU = Debug|Any CPU
		Release|Any CPU = Release|Any CPU
	EndGlobalSection
	GlobalSection(ProjectConfigurationPlatforms) = postSolution
		{151A2CC9-814C-43D9-B6F5-A0B90729FDED}.Debug|Any CPU.ActiveCfg = Debug|Any CPU
		{151A2CC9-814C-43D9-B6F5-A0B90729FDED}.Debug|Any CPU.Build.0 = Debug|Any CPU
		{151A2CC9-814C-43D9-B6F5-A0B90729FDED}.Release|Any CPU.ActiveCfg = Release|Any CPU
		{151A2CC9-814C-43D9-B6F5-A0B90729FDED}.Release|Any CPU.Build.0 = Release|Any CPU
	EndGlobalSection
	GlobalSection(SolutionProperties) = preSolution
		HideSolutionNode = FALSE
	EndGlobalSection
	GlobalSection(ExtensibilityGlobals) = postSolution
		SolutionGuid = {ED9D6A66-0B02-482A-AF09-8DC3C14C6702}
	EndGlobalSection
EndGlobal
